%{"certifi": {:hex, :certifi, "1.2.1", "c3904f192bd5284e5b13f20db3ceac9626e14eeacfbb492e19583cf0e37b22be", [:rebar3], [], "hexpm"},
  "combine": {:hex, :combine, "0.9.6", "8d1034a127d4cbf6924c8a5010d3534d958085575fa4d9b878f200d79ac78335", [:mix], [], "hexpm"},
  "decimal": {:hex, :decimal, "1.4.0", "fac965ce71a46aab53d3a6ce45662806bdd708a4a95a65cde8a12eb0124a1333", [:mix], [], "hexpm"},
  "distillery": {:hex, :distillery, "1.4.0", "d633cd322c8efa0428082b00b7f902daf8caa166d45f9022bbc19a896d2e1e56", [:mix], [], "hexpm"},
  "exirc": {:hex, :exirc, "1.0.1", "a1eccd89eea12eb928b7142dba7b6b7766ebca74b92405c37af9a8e7d3bd39a4", [:mix], [], "hexpm"},
  "flip_text": {:hex, :flip_text, "0.1.2", "668139fd14aa44a24ca95395ae936e9a1ab83e4ed631903aff9f200f60bfc1cb", [:mix], [], "hexpm"},
  "gettext": {:hex, :gettext, "0.13.1", "5e0daf4e7636d771c4c71ad5f3f53ba09a9ae5c250e1ab9c42ba9edccc476263", [:mix], [], "hexpm"},
  "hackney": {:hex, :hackney, "1.8.6", "21a725db3569b3fb11a6af17d5c5f654052ce9624219f1317e8639183de4a423", [:rebar3], [{:certifi, "1.2.1", [hex: :certifi, repo: "hexpm", optional: false]}, {:idna, "5.0.2", [hex: :idna, repo: "hexpm", optional: false]}, {:metrics, "1.0.1", [hex: :metrics, repo: "hexpm", optional: false]}, {:mimerl, "1.0.2", [hex: :mimerl, repo: "hexpm", optional: false]}, {:ssl_verify_fun, "1.1.1", [hex: :ssl_verify_fun, repo: "hexpm", optional: false]}], "hexpm"},
  "hedwig": {:hex, :hedwig, "1.0.0", "effbb160b9b270cb62ac1b2d6041b4ac731a21b0fc048dd2c35840245fdc0f22", [:mix], [], "hexpm"},
  "hedwig_currency": {:hex, :hedwig_currency, "0.1.0", "64a3019cd56e0c7f8a731e9875265c83c8291c7cde345dd85bbae97d2986ec05", [:mix], [{:decimal, "~> 1.4", [hex: :decimal, repo: "hexpm", optional: false]}, {:hedwig, "~> 1.0", [hex: :hedwig, repo: "hexpm", optional: false]}, {:httpoison, "~> 0.11.2", [hex: :httpoison, repo: "hexpm", optional: false]}], "hexpm"},
  "hedwig_inspire": {:hex, :hedwig_inspire, "0.1.0", "d22d44250651cff0b411102857d74f9cee3e772abce0356c9154a9ddb4ee3ea3", [:mix], [{:hedwig, "~> 1.0", [hex: :hedwig, repo: "hexpm", optional: false]}, {:httpoison, "~> 0.11.2", [hex: :httpoison, repo: "hexpm", optional: false]}], "hexpm"},
  "hedwig_irc": {:git, "git@github.com:ryanwinchester/hedwig_irc.git", "158d92f2565a877ec0bd95e18128b23a1cc0ddf2", [branch: "feature-cmd"]},
  "hedwig_simple_responders": {:hex, :hedwig_simple_responders, "0.1.2", "2ab378e2c92737e32c96435bc38bd5ab73359fa1c14ee838af1f44775a6bbb4c", [:mix], [{:flip_text, "~> 0.1", [hex: :flip_text, repo: "hexpm", optional: false]}, {:hedwig, "~> 1.0", [hex: :hedwig, repo: "hexpm", optional: false]}, {:httpoison, "~> 0.10.0", [hex: :httpoison, repo: "hexpm", optional: false]}, {:poison, "~> 3.0", [hex: :poison, repo: "hexpm", optional: false]}, {:timex, "~> 3.0", [hex: :timex, repo: "hexpm", optional: false]}, {:tzdata, "~> 0.5", [hex: :tzdata, repo: "hexpm", optional: false]}], "hexpm"},
  "hedwig_weather": {:hex, :hedwig_weather, "0.1.0", "1f5cf37dd37a3f71cbfe1a6becbc17e527c265a276883651f46511e2629eb77c", [:mix], [{:hedwig, "~> 1.0", [hex: :hedwig, repo: "hexpm", optional: false]}, {:httpoison, "~> 0.11.2", [hex: :httpoison, repo: "hexpm", optional: false]}, {:poison, "~> 3.1", [hex: :poison, repo: "hexpm", optional: false]}], "hexpm"},
  "hedwig_youtube": {:hex, :hedwig_youtube, "0.1.0", "268405a8d73fc4e63a452cf5fe170da64b7797947d78274b48b41dffad67af28", [:mix], [{:hedwig, "~> 1.0", [hex: :hedwig, repo: "hexpm", optional: false]}, {:httpoison, "~> 0.11.2", [hex: :httpoison, repo: "hexpm", optional: false]}, {:poison, "~> 3.1", [hex: :poison, repo: "hexpm", optional: false]}], "hexpm"},
  "httpoison": {:hex, :httpoison, "0.11.2", "9e59f17a473ef6948f63c51db07320477bad8ba88cf1df60a3eee01150306665", [:mix], [{:hackney, "~> 1.8.0", [hex: :hackney, repo: "hexpm", optional: false]}], "hexpm"},
  "idna": {:hex, :idna, "5.0.2", "ac203208ada855d95dc591a764b6e87259cb0e2a364218f215ad662daa8cd6b4", [:rebar3], [{:unicode_util_compat, "0.2.0", [hex: :unicode_util_compat, repo: "hexpm", optional: false]}], "hexpm"},
  "metrics": {:hex, :metrics, "1.0.1", "25f094dea2cda98213cecc3aeff09e940299d950904393b2a29d191c346a8486", [:rebar3], [], "hexpm"},
  "mimerl": {:hex, :mimerl, "1.0.2", "993f9b0e084083405ed8252b99460c4f0563e41729ab42d9074fd5e52439be88", [:rebar3], [], "hexpm"},
  "poison": {:hex, :poison, "3.1.0", "d9eb636610e096f86f25d9a46f35a9facac35609a7591b3be3326e99a0484665", [:mix], [], "hexpm"},
  "runtime_config": {:hex, :runtime_config, "0.1.0", "85e2256bf44bf9d7fbf9ea00e2aefdfd3992d50bd1483ce8de5475cfcbdd36da", [:mix], [], "hexpm"},
  "ssl_verify_fun": {:hex, :ssl_verify_fun, "1.1.1", "28a4d65b7f59893bc2c7de786dec1e1555bd742d336043fe644ae956c3497fbe", [:make, :rebar], [], "hexpm"},
  "timex": {:hex, :timex, "3.1.17", "d830b2c82589c2a0b51e63185551965e73b4d9e9dda5804c7ffb8a1212e460a9", [:mix], [{:combine, "~> 0.7", [hex: :combine, repo: "hexpm", optional: false]}, {:gettext, "~> 0.10", [hex: :gettext, repo: "hexpm", optional: false]}, {:tzdata, "~> 0.1.8 or ~> 0.5", [hex: :tzdata, repo: "hexpm", optional: false]}], "hexpm"},
  "tzdata": {:hex, :tzdata, "0.5.12", "1c17b68692c6ba5b6ab15db3d64cc8baa0f182043d5ae9d4b6d35d70af76f67b", [:mix], [{:hackney, "~> 1.0", [hex: :hackney, repo: "hexpm", optional: false]}], "hexpm"},
  "unicode_util_compat": {:hex, :unicode_util_compat, "0.2.0", "dbbccf6781821b1c0701845eaf966c9b6d83d7c3bfc65ca2b78b88b8678bfa35", [:rebar3], [], "hexpm"}}
